# This file is automatically @generated by Cargo.
# It is not intended for manual editing.
version = 4

[[package]]
name = "libfuzzer-sys"
version = "0.4.99"

[[package]]
name = "raillatch"
version = "0.1.0"

[[package]]
name = "raillatch-fuzz"
version = "0.0.0"
dependencies = [
 "libfuzzer-sys",
 "raillatch",
]
